Microsoft Visual Studio Solution File, Format Version 11.00
# Visual Studio 2008

Project("{234DFA8A-8DAA-F26E-14BA-04032A3F5963}") = "ArmedageddonP2", "Assembly-CSharp-firstpass.csproj", "{CC17224C-D3D4-6506-63F6-BFFD803C0A95}"
EndProject
Project("{234DFA8A-8DAA-F26E-14BA-04032A3F5963}") = "ArmedageddonP2", "Assembly-CSharp.csproj", "{01401021-33B3-8E01-5DF0-EE91C65CA668}"
EndProject
Project("{234DFA8A-8DAA-F26E-14BA-04032A3F5963}") = "ArmedageddonP2", "Assembly-CSharp-Editor.csproj", "{96041BEB-3223-457B-ADF4-E4B516038EC2}"
EndProject
Project("{234DFA8A-8DAA-F26E-14BA-04032A3F5963}") = "ArmedageddonP2", "Assembly-UnityScript.unityproj", "{2013236A-B3C2-239C-2719-90F28B3B7498}"
EndProject
Global
	GlobalSection(SolutionConfigurationPlatforms) = preSolution
		Debug|Any CPU = Debug|Any CPU
		Release|Any CPU = Release|Any CPU
	EndGlobalSection
	GlobalSection(ProjectConfigurationPlatforms) = postSolution
		{CC17224C-D3D4-6506-63F6-BFFD803C0A95}.Debug|Any CPU.ActiveCfg = Debug|Any CPU
		{CC17224C-D3D4-6506-63F6-BFFD803C0A95}.Debug|Any CPU.Build.0 = Debug|Any CPU
		{CC17224C-D3D4-6506-63F6-BFFD803C0A95}.Release|Any CPU.ActiveCfg = Release|Any CPU
		{CC17224C-D3D4-6506-63F6-BFFD803C0A95}.Release|Any CPU.Build.0 = Release|Any CPU
		{01401021-33B3-8E01-5DF0-EE91C65CA668}.Debug|Any CPU.ActiveCfg = Debug|Any CPU
		{01401021-33B3-8E01-5DF0-EE91C65CA668}.Debug|Any CPU.Build.0 = Debug|Any CPU
		{01401021-33B3-8E01-5DF0-EE91C65CA668}.Release|Any CPU.ActiveCfg = Release|Any CPU
		{01401021-33B3-8E01-5DF0-EE91C65CA668}.Release|Any CPU.Build.0 = Release|Any CPU
		{96041BEB-3223-457B-ADF4-E4B516038EC2}.Debug|Any CPU.ActiveCfg = Debug|Any CPU
		{96041BEB-3223-457B-ADF4-E4B516038EC2}.Debug|Any CPU.Build.0 = Debug|Any CPU
		{96041BEB-3223-457B-ADF4-E4B516038EC2}.Release|Any CPU.ActiveCfg = Release|Any CPU
		{96041BEB-3223-457B-ADF4-E4B516038EC2}.Release|Any CPU.Build.0 = Release|Any CPU
		{2013236A-B3C2-239C-2719-90F28B3B7498}.Debug|Any CPU.ActiveCfg = Debug|Any CPU
		{2013236A-B3C2-239C-2719-90F28B3B7498}.Debug|Any CPU.Build.0 = Debug|Any CPU
		{2013236A-B3C2-239C-2719-90F28B3B7498}.Release|Any CPU.ActiveCfg = Release|Any CPU
		{2013236A-B3C2-239C-2719-90F28B3B7498}.Release|Any CPU.Build.0 = Release|Any CPU
	EndGlobalSection
	GlobalSection(SolutionProperties) = preSolution
		HideSolutionNode = FALSE
	EndGlobalSection
																			GlobalSection(MonoDevelopProperties) = preSolution
		StartupItem = Assembly-CSharp.csproj
		Policies = $0
		$0.TextStylePolicy = $1
		$1.inheritsSet = null
		$1.scope = text/x-csharp
		$0.CSharpFormattingPolicy = $2
		$2.inheritsSet = Mono
		$2.inheritsScope = text/x-csharp
		$2.scope = text/x-csharp
		$0.TextStylePolicy = $3
		$3.FileWidth = 120
		$3.TabWidth = 4
		$3.IndentWidth = 4
		$3.EolMarker = Unix
		$3.inheritsSet = Mono
		$3.inheritsScope = text/plain
		$3.scope = text/plain
	EndGlobalSection

EndGlobal
